
Microsoft Visual Studio Solution File, Format Version 12.00
# Visual Studio Version 16
VisualStudioVersion = 16.0.29411.108
MinimumVisualStudioVersion = 10.0.40219.1
Project("{FAE04EC0-301F-11D3-BF4B-00C04F79EFBC}") = "Refactoring6_2", "Refactoring6_2\Refactoring6_2.csproj", "{691C4CA3-97C4-459E-9395-3E48071D49CD}"
EndProject
Global
	GlobalSection(SolutionConfigurationPlatforms) = preSolution
		Debug|Any CPU = Debug|Any CPU
		Release|Any CPU = Release|Any CPU
	EndGlobalSection
	GlobalSection(ProjectConfigurationPlatforms) = postSolution
		{691C4CA3-97C4-459E-9395-3E48071D49CD}.Debug|Any CPU.ActiveCfg = Debug|Any CPU
		{691C4CA3-97C4-459E-9395-3E48071D49CD}.Debug|Any CPU.Build.0 = Debug|Any CPU
		{691C4CA3-97C4-459E-9395-3E48071D49CD}.Release|Any CPU.ActiveCfg = Release|Any CPU
		{691C4CA3-97C4-459E-9395-3E48071D49CD}.Release|Any CPU.Build.0 = Release|Any CPU
	EndGlobalSection
	GlobalSection(SolutionProperties) = preSolution
		HideSolutionNode = FALSE
	EndGlobalSection
	GlobalSection(ExtensibilityGlobals) = postSolution
		SolutionGuid = {EBF7922B-08A8-4CF2-8F50-65F13694BF8B}
	EndGlobalSection
EndGlobal
